
Microsoft Visual Studio Solution File, Format Version 12.00
# Visual Studio Version 17
VisualStudioVersion = 17.13.35919.96 d17.13
MinimumVisualStudioVersion = 10.0.40219.1
Project("{FAE04EC0-301F-11D3-BF4B-00C04F79EFBC}") = "Day7", "Day7.csproj", "{4F147A25-23A0-41BA-BD13-C0E3173F0AB3}"
EndProject
Global
	GlobalSection(SolutionConfigurationPlatforms) = preSolution
		Debug|Any CPU = Debug|Any CPU
		Release|Any CPU = Release|Any CPU
	EndGlobalSection
	GlobalSection(ProjectConfigurationPlatforms) = postSolution
		{4F147A25-23A0-41BA-BD13-C0E3173F0AB3}.Debug|Any CPU.ActiveCfg = Debug|Any CPU
		{4F147A25-23A0-41BA-BD13-C0E3173F0AB3}.Debug|Any CPU.Build.0 = Debug|Any CPU
		{4F147A25-23A0-41BA-BD13-C0E3173F0AB3}.Release|Any CPU.ActiveCfg = Release|Any CPU
		{4F147A25-23A0-41BA-BD13-C0E3173F0AB3}.Release|Any CPU.Build.0 = Release|Any CPU
	EndGlobalSection
	GlobalSection(SolutionProperties) = preSolution
		HideSolutionNode = FALSE
	EndGlobalSection
	GlobalSection(ExtensibilityGlobals) = postSolution
		SolutionGuid = {913930C9-81BA-43A9-9699-15B19A2E412E}
	EndGlobalSection
EndGlobal
