
Microsoft Visual Studio Solution File, Format Version 12.00
# Visual Studio Version 17
VisualStudioVersion = 17.13.35919.96 d17.13
MinimumVisualStudioVersion = 10.0.40219.1
Project("{FAE04EC0-301F-11D3-BF4B-00C04F79EFBC}") = "EntityFramework", "EntityFramework.csproj", "{A1E8BD79-3A06-4C6F-9501-5E6DDF8BE3C1}"
EndProject
Global
	GlobalSection(SolutionConfigurationPlatforms) = preSolution
		Debug|Any CPU = Debug|Any CPU
		Release|Any CPU = Release|Any CPU
	EndGlobalSection
	GlobalSection(ProjectConfigurationPlatforms) = postSolution
		{A1E8BD79-3A06-4C6F-9501-5E6DDF8BE3C1}.Debug|Any CPU.ActiveCfg = Debug|Any CPU
		{A1E8BD79-3A06-4C6F-9501-5E6DDF8BE3C1}.Debug|Any CPU.Build.0 = Debug|Any CPU
		{A1E8BD79-3A06-4C6F-9501-5E6DDF8BE3C1}.Release|Any CPU.ActiveCfg = Release|Any CPU
		{A1E8BD79-3A06-4C6F-9501-5E6DDF8BE3C1}.Release|Any CPU.Build.0 = Release|Any CPU
	EndGlobalSection
	GlobalSection(SolutionProperties) = preSolution
		HideSolutionNode = FALSE
	EndGlobalSection
	GlobalSection(ExtensibilityGlobals) = postSolution
		SolutionGuid = {FA8ED940-F66E-4CE6-8FE8-660DB2FC03EF}
	EndGlobalSection
EndGlobal
